// !$*UTF8*$!
{
	archiveVersion = 1;
	classes = {
	};
	objectVersion = 48;
	objects = {

/* Begin PBXBuildFile section */
		B8071728202C800E004D3017 /* AppDetailsCell.swift in Sources */ = {isa = PBXBuildFile; fileRef = B8071727202C800E004D3017 /* AppDetailsCell.swift */; };
		B807172A202C818B004D3017 /* AppDetailsHeaderCell.swift in Sources */ = {isa = PBXBuildFile; fileRef = B8071729202C818B004D3017 /* AppDetailsHeaderCell.swift */; };
		B807B5432019C44F009F89F4 /* AppDelegate.swift in Sources */ = {isa = PBXBuildFile; fileRef = B807B5422019C44F009F89F4 /* AppDelegate.swift */; };
		B807B5452019C44F009F89F4 /* CategoryCollectionViewController.swift in Sources */ = {isa = PBXBuildFile; fileRef = B807B5442019C44F009F89F4 /* CategoryCollectionViewController.swift */; };
		B807B54B2019C44F009F89F4 /* AppStoreDuplicate.xcdatamodeld in Sources */ = {isa = PBXBuildFile; fileRef = B807B5492019C44F009F89F4 /* AppStoreDuplicate.xcdatamodeld */; };
		B807B54D2019C44F009F89F4 /* Assets.xcassets in Resources */ = {isa = PBXBuildFile; fileRef = B807B54C2019C44F009F89F4 /* Assets.xcassets */; };
		B807B5502019C44F009F89F4 /* LaunchScreen.storyboard in Resources */ = {isa = PBXBuildFile; fileRef = B807B54E2019C44F009F89F4 /* LaunchScreen.storyboard */; };
		B807B55B2019C44F009F89F4 /* AppStoreDuplicateTests.swift in Sources */ = {isa = PBXBuildFile; fileRef = B807B55A2019C44F009F89F4 /* AppStoreDuplicateTests.swift */; };
		B807B5662019C44F009F89F4 /* AppStoreDuplicateUITests.swift in Sources */ = {isa = PBXBuildFile; fileRef = B807B5652019C44F009F89F4 /* AppStoreDuplicateUITests.swift */; };
		B807B5752019C977009F89F4 /* CategoryCell.swift in Sources */ = {isa = PBXBuildFile; fileRef = B807B5742019C977009F89F4 /* CategoryCell.swift */; };
		B807B5772019E0E2009F89F4 /* CategoryCollectionViewModel.swift in Sources */ = {isa = PBXBuildFile; fileRef = B807B5762019E0E2009F89F4 /* CategoryCollectionViewModel.swift */; };
		B83FD95120204198000D98B0 /* AppStoreTabBarController.swift in Sources */ = {isa = PBXBuildFile; fileRef = B83FD95020204198000D98B0 /* AppStoreTabBarController.swift */; };
		B85582F2201F324E00FE0C51 /* HeaderBannerCell.swift in Sources */ = {isa = PBXBuildFile; fileRef = B85582F1201F324E00FE0C51 /* HeaderBannerCell.swift */; };
		B85582F5201F3FDD00FE0C51 /* FooterBannerCell.swift in Sources */ = {isa = PBXBuildFile; fileRef = B85582F4201F3FDD00FE0C51 /* FooterBannerCell.swift */; };
		B85582F8201F4B7500FE0C51 /* AppDetailsCollectionView.swift in Sources */ = {isa = PBXBuildFile; fileRef = B85582F7201F4B7500FE0C51 /* AppDetailsCollectionView.swift */; };
		B85582FE201F4E2900FE0C51 /* UpdateCollectionViewController.swift in Sources */ = {isa = PBXBuildFile; fileRef = B85582FD201F4E2900FE0C51 /* UpdateCollectionViewController.swift */; };
		B8558300201F4E5600FE0C51 /* SearchCollectionViewController.swift in Sources */ = {isa = PBXBuildFile; fileRef = B85582FF201F4E5600FE0C51 /* SearchCollectionViewController.swift */; };
		B8558302201F4E6C00FE0C51 /* ExploreCollectionViewController.swift in Sources */ = {isa = PBXBuildFile; fileRef = B8558301201F4E6C00FE0C51 /* ExploreCollectionViewController.swift */; };
		B8558304201F4E8500FE0C51 /* TopChartsCollectionViewController.swift in Sources */ = {isa = PBXBuildFile; fileRef = B8558303201F4E8500FE0C51 /* TopChartsCollectionViewController.swift */; };
		B8C6B41E20359BEB00653341 /* InformationCell.swift in Sources */ = {isa = PBXBuildFile; fileRef = B8C6B41D20359BEB00653341 /* InformationCell.swift */; };
		B8D16301202D697600B1F670 /* BaseCell.swift in Sources */ = {isa = PBXBuildFile; fileRef = B8D16300202D697600B1F670 /* BaseCell.swift */; };
/* End PBXBuildFile section */

/* Begin PBXContainerItemProxy section */
		B807B5572019C44F009F89F4 /* PBXContainerItemProxy */ = {
			isa = PBXContainerItemProxy;
			containerPortal = B807B5372019C44F009F89F4 /* Project object */;
			proxyType = 1;
			remoteGlobalIDString = B807B53E2019C44F009F89F4;
			remoteInfo = AppStoreDuplicate;
		};
		B807B5622019C44F009F89F4 /* PBXContainerItemProxy */ = {
			isa = PBXContainerItemProxy;
			containerPortal = B807B5372019C44F009F89F4 /* Project object */;
			proxyType = 1;
			remoteGlobalIDString = B807B53E2019C44F009F89F4;
			remoteInfo = AppStoreDuplicate;
		};
/* End PBXContainerItemProxy section */

/* Begin PBXFileReference section */
		B8071727202C800E004D3017 /* AppDetailsCell.swift */ = {isa = PBXFileReference; lastKnownFileType = sourcecode.swift; path = AppDetailsCell.swift; sourceTree = "<group>"; };
		B8071729202C818B004D3017 /* AppDetailsHeaderCell.swift */ = {isa = PBXFileReference; lastKnownFileType = sourcecode.swift; path = AppDetailsHeaderCell.swift; sourceTree = "<group>"; };
		B807B53F2019C44F009F89F4 /* AppStoreDuplicate.app */ = {isa = PBXFileReference; explicitFileType = wrapper.application; includeInIndex = 0; path = AppStoreDuplicate.app; sourceTree = BUILT_PRODUCTS_DIR; };
		B807B5422019C44F009F89F4 /* AppDelegate.swift */ = {isa = PBXFileReference; lastKnownFileType = sourcecode.swift; path = AppDelegate.swift; sourceTree = "<group>"; };
		B807B5442019C44F009F89F4 /* CategoryCollectionViewController.swift */ = {isa = PBXFileReference; lastKnownFileType = sourcecode.swift; path = CategoryCollectionViewController.swift; sourceTree = "<group>"; };
		B807B54A2019C44F009F89F4 /* AppStoreDuplicate.xcdatamodel */ = {isa = PBXFileReference; lastKnownFileType = wrapper.xcdatamodel; path = AppStoreDuplicate.xcdatamodel; sourceTree = "<group>"; };
		B807B54C2019C44F009F89F4 /* Assets.xcassets */ = {isa = PBXFileReference; lastKnownFileType = folder.assetcatalog; path = Assets.xcassets; sourceTree = "<group>"; };
		B807B54F2019C44F009F89F4 /* Base */ = {isa = PBXFileReference; lastKnownFileType = file.storyboard; name = Base; path = Base.lproj/LaunchScreen.storyboard; sourceTree = "<group>"; };
		B807B5512019C44F009F89F4 /* Info.plist */ = {isa = PBXFileReference; lastKnownFileType = text.plist.xml; path = Info.plist; sourceTree = "<group>"; };
		B807B5562019C44F009F89F4 /* AppStoreDuplicateTests.xctest */ = {isa = PBXFileReference; explicitFileType = wrapper.cfbundle; includeInIndex = 0; path = AppStoreDuplicateTests.xctest; sourceTree = BUILT_PRODUCTS_DIR; };
		B807B55A2019C44F009F89F4 /* AppStoreDuplicateTests.swift */ = {isa = PBXFileReference; lastKnownFileType = sourcecode.swift; path = AppStoreDuplicateTests.swift; sourceTree = "<group>"; };
		B807B55C2019C44F009F89F4 /* Info.plist */ = {isa = PBXFileReference; lastKnownFileType = text.plist.xml; path = Info.plist; sourceTree = "<group>"; };
		B807B5612019C44F009F89F4 /* AppStoreDuplicateUITests.xctest */ = {isa = PBXFileReference; explicitFileType = wrapper.cfbundle; includeInIndex = 0; path = AppStoreDuplicateUITests.xctest; sourceTree = BUILT_PRODUCTS_DIR; };
		B807B5652019C44F009F89F4 /* AppStoreDuplicateUITests.swift */ = {isa = PBXFileReference; lastKnownFileType = sourcecode.swift; path = AppStoreDuplicateUITests.swift; sourceTree = "<group>"; };
		B807B5672019C44F009F89F4 /* Info.plist */ = {isa = PBXFileReference; lastKnownFileType = text.plist.xml; path = Info.plist; sourceTree = "<group>"; };
		B807B5742019C977009F89F4 /* CategoryCell.swift */ = {isa = PBXFileReference; lastKnownFileType = sourcecode.swift; path = CategoryCell.swift; sourceTree = "<group>"; };
		B807B5762019E0E2009F89F4 /* CategoryCollectionViewModel.swift */ = {isa = PBXFileReference; lastKnownFileType = sourcecode.swift; path = CategoryCollectionViewModel.swift; sourceTree = "<group>"; };
		B83FD95020204198000D98B0 /* AppStoreTabBarController.swift */ = {isa = PBXFileReference; lastKnownFileType = sourcecode.swift; path = AppStoreTabBarController.swift; sourceTree = "<group>"; };
		B85582F1201F324E00FE0C51 /* HeaderBannerCell.swift */ = {isa = PBXFileReference; lastKnownFileType = sourcecode.swift; path = HeaderBannerCell.swift; sourceTree = "<group>"; };
		B85582F4201F3FDD00FE0C51 /* FooterBannerCell.swift */ = {isa = PBXFileReference; lastKnownFileType = sourcecode.swift; path = FooterBannerCell.swift; sourceTree = "<group>"; };
		B85582F7201F4B7500FE0C51 /* AppDetailsCollectionView.swift */ = {isa = PBXFileReference; lastKnownFileType = sourcecode.swift; path = AppDetailsCollectionView.swift; sourceTree = "<group>"; };
		B85582FD201F4E2900FE0C51 /* UpdateCollectionViewController.swift */ = {isa = PBXFileReference; lastKnownFileType = sourcecode.swift; path = UpdateCollectionViewController.swift; sourceTree = "<group>"; };
		B85582FF201F4E5600FE0C51 /* SearchCollectionViewController.swift */ = {isa = PBXFileReference; lastKnownFileType = sourcecode.swift; path = SearchCollectionViewController.swift; sourceTree = "<group>"; };
		B8558301201F4E6C00FE0C51 /* ExploreCollectionViewController.swift */ = {isa = PBXFileReference; lastKnownFileType = sourcecode.swift; path = ExploreCollectionViewController.swift; sourceTree = "<group>"; };
		B8558303201F4E8500FE0C51 /* TopChartsCollectionViewController.swift */ = {isa = PBXFileReference; lastKnownFileType = sourcecode.swift; path = TopChartsCollectionViewController.swift; sourceTree = "<group>"; };
		B8C6B41D20359BEB00653341 /* InformationCell.swift */ = {isa = PBXFileReference; lastKnownFileType = sourcecode.swift; path = InformationCell.swift; sourceTree = "<group>"; };
		B8D16300202D697600B1F670 /* BaseCell.swift */ = {isa = PBXFileReference; lastKnownFileType = sourcecode.swift; path = BaseCell.swift; sourceTree = "<group>"; };
/* End PBXFileReference section */

/* Begin PBXFrameworksBuildPhase section */
		B807B53C2019C44F009F89F4 /* Frameworks */ = {
			isa = PBXFrameworksBuildPhase;
			buildActionMask = 2147483647;
			files = (
			);
			runOnlyForDeploymentPostprocessing = 0;
		};
		B807B5532019C44F009F89F4 /* Frameworks */ = {
			isa = PBXFrameworksBuildPhase;
			buildActionMask = 2147483647;
			files = (
			);
			runOnlyForDeploymentPostprocessing = 0;
		};
		B807B55E2019C44F009F89F4 /* Frameworks */ = {
			isa = PBXFrameworksBuildPhase;
			buildActionMask = 2147483647;
			files = (
			);
			runOnlyForDeploymentPostprocessing = 0;
		};
/* End PBXFrameworksBuildPhase section */

/* Begin PBXGroup section */
		B807B5362019C44F009F89F4 = {
			isa = PBXGroup;
			children = (
				B807B5412019C44F009F89F4 /* AppStoreDuplicate */,
				B807B5592019C44F009F89F4 /* AppStoreDuplicateTests */,
				B807B5642019C44F009F89F4 /* AppStoreDuplicateUITests */,
				B807B5402019C44F009F89F4 /* Products */,
			);
			sourceTree = "<group>";
		};
		B807B5402019C44F009F89F4 /* Products */ = {
			isa = PBXGroup;
			children = (
				B807B53F2019C44F009F89F4 /* AppStoreDuplicate.app */,
				B807B5562019C44F009F89F4 /* AppStoreDuplicateTests.xctest */,
				B807B5612019C44F009F89F4 /* AppStoreDuplicateUITests.xctest */,
			);
			name = Products;
			sourceTree = "<group>";
		};
		B807B5412019C44F009F89F4 /* AppStoreDuplicate */ = {
			isa = PBXGroup;
			children = (
				B807B5422019C44F009F89F4 /* AppDelegate.swift */,
				B83FD95020204198000D98B0 /* AppStoreTabBarController.swift */,
				B85582F3201F384500FE0C51 /* AppCategory */,
				B85582FC201F4DA800FE0C51 /* Updates */,
				B85582FB201F4DA000FE0C51 /* Search */,
				B85582FA201F4D9400FE0C51 /* Explore */,
				B85582F9201F4D8200FE0C51 /* Top Charts */,
				B807B54E2019C44F009F89F4 /* LaunchScreen.storyboard */,
				B807B5512019C44F009F89F4 /* Info.plist */,
				B807B5732019C4F5009F89F4 /* SupportingFiles */,
			);
			path = AppStoreDuplicate;
			sourceTree = "<group>";
		};
		B807B5592019C44F009F89F4 /* AppStoreDuplicateTests */ = {
			isa = PBXGroup;
			children = (
				B807B55A2019C44F009F89F4 /* AppStoreDuplicateTests.swift */,
				B807B55C2019C44F009F89F4 /* Info.plist */,
			);
			path = AppStoreDuplicateTests;
			sourceTree = "<group>";
		};
		B807B5642019C44F009F89F4 /* AppStoreDuplicateUITests */ = {
			isa = PBXGroup;
			children = (
				B807B5652019C44F009F89F4 /* AppStoreDuplicateUITests.swift */,
				B807B5672019C44F009F89F4 /* Info.plist */,
			);
			path = AppStoreDuplicateUITests;
			sourceTree = "<group>";
		};
		B807B5732019C4F5009F89F4 /* SupportingFiles */ = {
			isa = PBXGroup;
			children = (
				B807B54C2019C44F009F89F4 /* Assets.xcassets */,
				B807B5492019C44F009F89F4 /* AppStoreDuplicate.xcdatamodeld */,
			);
			path = SupportingFiles;
			sourceTree = "<group>";
		};
		B85582F3201F384500FE0C51 /* AppCategory */ = {
			isa = PBXGroup;
			children = (
				B807B5442019C44F009F89F4 /* CategoryCollectionViewController.swift */,
				B807B5762019E0E2009F89F4 /* CategoryCollectionViewModel.swift */,
				B85582F1201F324E00FE0C51 /* HeaderBannerCell.swift */,
				B807B5742019C977009F89F4 /* CategoryCell.swift */,
				B85582F4201F3FDD00FE0C51 /* FooterBannerCell.swift */,
				B85582F6201F4B3300FE0C51 /* AppDetailsView */,
			);
			path = AppCategory;
			sourceTree = "<group>";
		};
		B85582F6201F4B3300FE0C51 /* AppDetailsView */ = {
			isa = PBXGroup;
			children = (
				B85582F7201F4B7500FE0C51 /* AppDetailsCollectionView.swift */,
				B8071727202C800E004D3017 /* AppDetailsCell.swift */,
				B8071729202C818B004D3017 /* AppDetailsHeaderCell.swift */,
				B8D16300202D697600B1F670 /* BaseCell.swift */,
				B8C6B41D20359BEB00653341 /* InformationCell.swift */,
			);
			path = AppDetailsView;
			sourceTree = "<group>";
		};
		B85582F9201F4D8200FE0C51 /* Top Charts */ = {
			isa = PBXGroup;
			children = (
				B8558303201F4E8500FE0C51 /* TopChartsCollectionViewController.swift */,
			);
			path = "Top Charts";
			sourceTree = "<group>";
		};
		B85582FA201F4D9400FE0C51 /* Explore */ = {
			isa = PBXGroup;
			children = (
				B8558301201F4E6C00FE0C51 /* ExploreCollectionViewController.swift */,
			);
			path = Explore;
			sourceTree = "<group>";
		};
		B85582FB201F4DA000FE0C51 /* Search */ = {
			isa = PBXGroup;
			children = (
				B85582FF201F4E5600FE0C51 /* SearchCollectionViewController.swift */,
			);
			path = Search;
			sourceTree = "<group>";
		};
		B85582FC201F4DA800FE0C51 /* Updates */ = {
			isa = PBXGroup;
			children = (
				B85582FD201F4E2900FE0C51 /* UpdateCollectionViewController.swift */,
			);
			path = Updates;
			sourceTree = "<group>";
		};
/* End PBXGroup section */

/* Begin PBXNativeTarget section */
		B807B53E2019C44F009F89F4 /* AppStoreDuplicate */ = {
			isa = PBXNativeTarget;
			buildConfigurationList = B807B56A2019C44F009F89F4 /* Build configuration list for PBXNativeTarget "AppStoreDuplicate" */;
			buildPhases = (
				B807B53B2019C44F009F89F4 /* Sources */,
				B807B53C2019C44F009F89F4 /* Frameworks */,
				B807B53D2019C44F009F89F4 /* Resources */,
			);
			buildRules = (
			);
			dependencies = (
			);
			name = AppStoreDuplicate;
			productName = AppStoreDuplicate;
			productReference = B807B53F2019C44F009F89F4 /* AppStoreDuplicate.app */;
			productType = "com.apple.product-type.application";
		};
		B807B5552019C44F009F89F4 /* AppStoreDuplicateTests */ = {
			isa = PBXNativeTarget;
			buildConfigurationList = B807B56D2019C44F009F89F4 /* Build configuration list for PBXNativeTarget "AppStoreDuplicateTests" */;
			buildPhases = (
				B807B5522019C44F009F89F4 /* Sources */,
				B807B5532019C44F009F89F4 /* Frameworks */,
				B807B5542019C44F009F89F4 /* Resources */,
			);
			buildRules = (
			);
			dependencies = (
				B807B5582019C44F009F89F4 /* PBXTargetDependency */,
			);
			name = AppStoreDuplicateTests;
			productName = AppStoreDuplicateTests;
			productReference = B807B5562019C44F009F89F4 /* AppStoreDuplicateTests.xctest */;
			productType = "com.apple.product-type.bundle.unit-test";
		};
		B807B5602019C44F009F89F4 /* AppStoreDuplicateUITests */ = {
			isa = PBXNativeTarget;
			buildConfigurationList = B807B5702019C44F009F89F4 /* Build configuration list for PBXNativeTarget "AppStoreDuplicateUITests" */;
			buildPhases = (
				B807B55D2019C44F009F89F4 /* Sources */,
				B807B55E2019C44F009F89F4 /* Frameworks */,
				B807B55F2019C44F009F89F4 /* Resources */,
			);
			buildRules = (
			);
			dependencies = (
				B807B5632019C44F009F89F4 /* PBXTargetDependency */,
			);
			name = AppStoreDuplicateUITests;
			productName = AppStoreDuplicateUITests;
			productReference = B807B5612019C44F009F89F4 /* AppStoreDuplicateUITests.xctest */;
			productType = "com.apple.product-type.bundle.ui-testing";
		};
/* End PBXNativeTarget section */

/* Begin PBXProject section */
		B807B5372019C44F009F89F4 /* Project object */ = {
			isa = PBXProject;
			attributes = {
				LastSwiftUpdateCheck = 0900;
				LastUpgradeCheck = 0900;
				ORGANIZATIONNAME = "Jayanta Gogoi";
				TargetAttributes = {
					B807B53E2019C44F009F89F4 = {
						CreatedOnToolsVersion = 9.0.1;
						ProvisioningStyle = Automatic;
					};
					B807B5552019C44F009F89F4 = {
						CreatedOnToolsVersion = 9.0.1;
						ProvisioningStyle = Automatic;
						TestTargetID = B807B53E2019C44F009F89F4;
					};
					B807B5602019C44F009F89F4 = {
						CreatedOnToolsVersion = 9.0.1;
						ProvisioningStyle = Automatic;
						TestTargetID = B807B53E2019C44F009F89F4;
					};
				};
			};
			buildConfigurationList = B807B53A2019C44F009F89F4 /* Build configuration list for PBXProject "AppStoreDuplicate" */;
			compatibilityVersion = "Xcode 8.0";
			developmentRegion = en;
			hasScannedForEncodings = 0;
			knownRegions = (
				en,
				Base,
			);
			mainGroup = B807B5362019C44F009F89F4;
			productRefGroup = B807B5402019C44F009F89F4 /* Products */;
			projectDirPath = "";
			projectRoot = "";
			targets = (
				B807B53E2019C44F009F89F4 /* AppStoreDuplicate */,
				B807B5552019C44F009F89F4 /* AppStoreDuplicateTests */,
				B807B5602019C44F009F89F4 /* AppStoreDuplicateUITests */,
			);
		};
/* End PBXProject section */

/* Begin PBXResourcesBuildPhase section */
		B807B53D2019C44F009F89F4 /* Resources */ = {
			isa = PBXResourcesBuildPhase;
			buildActionMask = 2147483647;
			files = (
				B807B5502019C44F009F89F4 /* LaunchScreen.storyboard in Resources */,
				B807B54D2019C44F009F89F4 /* Assets.xcassets in Resources */,
			);
			runOnlyForDeploymentPostprocessing = 0;
		};
		B807B5542019C44F009F89F4 /* Resources */ = {
			isa = PBXResourcesBuildPhase;
			buildActionMask = 2147483647;
			files = (
			);
			runOnlyForDeploymentPostprocessing = 0;
		};
		B807B55F2019C44F009F89F4 /* Resources */ = {
			isa = PBXResourcesBuildPhase;
			buildActionMask = 2147483647;
			files = (
			);
			runOnlyForDeploymentPostprocessing = 0;
		};
/* End PBXResourcesBuildPhase section */

/* Begin PBXSourcesBuildPhase section */
		B807B53B2019C44F009F89F4 /* Sources */ = {
			isa = PBXSourcesBuildPhase;
			buildActionMask = 2147483647;
			files = (
				B807B5452019C44F009F89F4 /* CategoryCollectionViewController.swift in Sources */,
				B85582F2201F324E00FE0C51 /* HeaderBannerCell.swift in Sources */,
				B807172A202C818B004D3017 /* AppDetailsHeaderCell.swift in Sources */,
				B8C6B41E20359BEB00653341 /* InformationCell.swift in Sources */,
				B8558300201F4E5600FE0C51 /* SearchCollectionViewController.swift in Sources */,
				B8D16301202D697600B1F670 /* BaseCell.swift in Sources */,
				B8558304201F4E8500FE0C51 /* TopChartsCollectionViewController.swift in Sources */,
				B85582FE201F4E2900FE0C51 /* UpdateCollectionViewController.swift in Sources */,
				B83FD95120204198000D98B0 /* AppStoreTabBarController.swift in Sources */,
				B807B54B2019C44F009F89F4 /* AppStoreDuplicate.xcdatamodeld in Sources */,
				B807B5752019C977009F89F4 /* CategoryCell.swift in Sources */,
				B8558302201F4E6C00FE0C51 /* ExploreCollectionViewController.swift in Sources */,
				B85582F5201F3FDD00FE0C51 /* FooterBannerCell.swift in Sources */,
				B807B5432019C44F009F89F4 /* AppDelegate.swift in Sources */,
				B807B5772019E0E2009F89F4 /* CategoryCollectionViewModel.swift in Sources */,
				B8071728202C800E004D3017 /* AppDetailsCell.swift in Sources */,
				B85582F8201F4B7500FE0C51 /* AppDetailsCollectionView.swift in Sources */,
			);
			runOnlyForDeploymentPostprocessing = 0;
		};
		B807B5522019C44F009F89F4 /* Sources */ = {
			isa = PBXSourcesBuildPhase;
			buildActionMask = 2147483647;
			files = (
				B807B55B2019C44F009F89F4 /* AppStoreDuplicateTests.swift in Sources */,
			);
			runOnlyForDeploymentPostprocessing = 0;
		};
		B807B55D2019C44F009F89F4 /* Sources */ = {
			isa = PBXSourcesBuildPhase;
			buildActionMask = 2147483647;
			files = (
				B807B5662019C44F009F89F4 /* AppStoreDuplicateUITests.swift in Sources */,
			);
			runOnlyForDeploymentPostprocessing = 0;
		};
/* End PBXSourcesBuildPhase section */

/* Begin PBXTargetDependency section */
		B807B5582019C44F009F89F4 /* PBXTargetDependency */ = {
			isa = PBXTargetDependency;
			target = B807B53E2019C44F009F89F4 /* AppStoreDuplicate */;
			targetProxy = B807B5572019C44F009F89F4 /* PBXContainerItemProxy */;
		};
		B807B5632019C44F009F89F4 /* PBXTargetDependency */ = {
			isa = PBXTargetDependency;
			target = B807B53E2019C44F009F89F4 /* AppStoreDuplicate */;
			targetProxy = B807B5622019C44F009F89F4 /* PBXContainerItemProxy */;
		};
/* End PBXTargetDependency section */

/* Begin PBXVariantGroup section */
		B807B54E2019C44F009F89F4 /* LaunchScreen.storyboard */ = {
			isa = PBXVariantGroup;
			children = (
				B807B54F2019C44F009F89F4 /* Base */,
			);
			name = LaunchScreen.storyboard;
			sourceTree = "<group>";
		};
/* End PBXVariantGroup section */

/* Begin XCBuildConfiguration section */
		B807B5682019C44F009F89F4 /* Debug */ = {
			isa = XCBuildConfiguration;
			buildSettings = {
				ALWAYS_SEARCH_USER_PATHS = NO;
				CLANG_ANALYZER_NONNULL = YES;
				CLANG_ANALYZER_NUMBER_OBJECT_CONVERSION = YES_AGGRESSIVE;
				CLANG_CXX_LANGUAGE_STANDARD = "gnu++14";
				CLANG_CXX_LIBRARY = "libc++";
				CLANG_ENABLE_MODULES = YES;
				CLANG_ENABLE_OBJC_ARC = YES;
				CLANG_WARN_BLOCK_CAPTURE_AUTORELEASING = YES;
				CLANG_WARN_BOOL_CONVERSION = YES;
				CLANG_WARN_COMMA = YES;
				CLANG_WARN_CONSTANT_CONVERSION = YES;
				CLANG_WARN_DIRECT_OBJC_ISA_USAGE = YES_ERROR;
				CLANG_WARN_DOCUMENTATION_COMMENTS = YES;
				CLANG_WARN_EMPTY_BODY = YES;
				CLANG_WARN_ENUM_CONVERSION = YES;
				CLANG_WARN_INFINITE_RECURSION = YES;
				CLANG_WARN_INT_CONVERSION = YES;
				CLANG_WARN_NON_LITERAL_NULL_CONVERSION = YES;
				CLANG_WARN_OBJC_LITERAL_CONVERSION = YES;
				CLANG_WARN_OBJC_ROOT_CLASS = YES_ERROR;
				CLANG_WARN_RANGE_LOOP_ANALYSIS = YES;
				CLANG_WARN_STRICT_PROTOTYPES = YES;
				CLANG_WARN_SUSPICIOUS_MOVE = YES;
				CLANG_WARN_UNGUARDED_AVAILABILITY = YES_AGGRESSIVE;
				CLANG_WARN_UNREACHABLE_CODE = YES;
				CLANG_WARN__DUPLICATE_METHOD_MATCH = YES;
				CODE_SIGN_IDENTITY = "iPhone Developer";
				COPY_PHASE_STRIP = NO;
				DEBUG_INFORMATION_FORMAT = dwarf;
				ENABLE_STRICT_OBJC_MSGSEND = YES;
				ENABLE_TESTABILITY = YES;
				GCC_C_LANGUAGE_STANDARD = gnu11;
				GCC_DYNAMIC_NO_PIC = NO;
				GCC_NO_COMMON_BLOCKS = YES;
				GCC_OPTIMIZATION_LEVEL = 0;
				GCC_PREPROCESSOR_DEFINITIONS = (
					"DEBUG=1",
					"$(inherited)",
				);
				GCC_WARN_64_TO_32_BIT_CONVERSION = YES;
				GCC_WARN_ABOUT_RETURN_TYPE = YES_ERROR;
				GCC_WARN_UNDECLARED_SELECTOR = YES;
				GCC_WARN_UNINITIALIZED_AUTOS = YES_AGGRESSIVE;
				GCC_WARN_UNUSED_FUNCTION = YES;
				GCC_WARN_UNUSED_VARIABLE = YES;
				IPHONEOS_DEPLOYMENT_TARGET = 11.0;
				MTL_ENABLE_DEBUG_INFO = YES;
				ONLY_ACTIVE_ARCH = YES;
				SDKROOT = iphoneos;
				SWIFT_ACTIVE_COMPILATION_CONDITIONS = DEBUG;
				SWIFT_OPTIMIZATION_LEVEL = "-Onone";
			};
			name = Debug;
		};
		B807B5692019C44F009F89F4 /* Release */ = {
			isa = XCBuildConfiguration;
			buildSettings = {
				ALWAYS_SEARCH_USER_PATHS = NO;
				CLANG_ANALYZER_NONNULL = YES;
				CLANG_ANALYZER_NUMBER_OBJECT_CONVERSION = YES_AGGRESSIVE;
				CLANG_CXX_LANGUAGE_STANDARD = "gnu++14";
				CLANG_CXX_LIBRARY = "libc++";
				CLANG_ENABLE_MODULES = YES;
				CLANG_ENABLE_OBJC_ARC = YES;
				CLANG_WARN_BLOCK_CAPTURE_AUTORELEASING = YES;
				CLANG_WARN_BOOL_CONVERSION = YES;
				CLANG_WARN_COMMA = YES;
				CLANG_WARN_CONSTANT_CONVERSION = YES;
				CLANG_WARN_DIRECT_OBJC_ISA_USAGE = YES_ERROR;
				CLANG_WARN_DOCUMENTATION_COMMENTS = YES;
				CLANG_WARN_EMPTY_BODY = YES;
				CLANG_WARN_ENUM_CONVERSION = YES;
				CLANG_WARN_INFINITE_RECURSION = YES;
				CLANG_WARN_INT_CONVERSION = YES;
				CLANG_WARN_NON_LITERAL_NULL_CONVERSION = YES;
				CLANG_WARN_OBJC_LITERAL_CONVERSION = YES;
				CLANG_WARN_OBJC_ROOT_CLASS = YES_ERROR;
				CLANG_WARN_RANGE_LOOP_ANALYSIS = YES;
				CLANG_WARN_STRICT_PROTOTYPES = YES;
				CLANG_WARN_SUSPICIOUS_MOVE = YES;
				CLANG_WARN_UNGUARDED_AVAILABILITY = YES_AGGRESSIVE;
				CLANG_WARN_UNREACHABLE_CODE = YES;
				CLANG_WARN__DUPLICATE_METHOD_MATCH = YES;
				CODE_SIGN_IDENTITY = "iPhone Developer";
				COPY_PHASE_STRIP = NO;
				DEBUG_INFORMATION_FORMAT = "dwarf-with-dsym";
				ENABLE_NS_ASSERTIONS = NO;
				ENABLE_STRICT_OBJC_MSGSEND = YES;
				GCC_C_LANGUAGE_STANDARD = gnu11;
				GCC_NO_COMMON_BLOCKS = YES;
				GCC_WARN_64_TO_32_BIT_CONVERSION = YES;
				GCC_WARN_ABOUT_RETURN_TYPE = YES_ERROR;
				GCC_WARN_UNDECLARED_SELECTOR = YES;
				GCC_WARN_UNINITIALIZED_AUTOS = YES_AGGRESSIVE;
				GCC_WARN_UNUSED_FUNCTION = YES;
				GCC_WARN_UNUSED_VARIABLE = YES;
				IPHONEOS_DEPLOYMENT_TARGET = 11.0;
				MTL_ENABLE_DEBUG_INFO = NO;
				SDKROOT = iphoneos;
				SWIFT_OPTIMIZATION_LEVEL = "-Owholemodule";
				VALIDATE_PRODUCT = YES;
			};
			name = Release;
		};
		B807B56B2019C44F009F89F4 /* Debug */ = {
			isa = XCBuildConfiguration;
			buildSettings = {
				ASSETCATALOG_COMPILER_APPICON_NAME = AppIcon;
				CODE_SIGN_STYLE = Automatic;
				INFOPLIST_FILE = AppStoreDuplicate/Info.plist;
				LD_RUNPATH_SEARCH_PATHS = "$(inherited) @executable_path/Frameworks";
				PRODUCT_BUNDLE_IDENTIFIER = com.jayantagogoi.AppStoreDuplicate;
				PRODUCT_NAME = "$(TARGET_NAME)";
				SWIFT_VERSION = 4.0;
				TARGETED_DEVICE_FAMILY = "1,2";
			};
			name = Debug;
		};
		B807B56C2019C44F009F89F4 /* Release */ = {
			isa = XCBuildConfiguration;
			buildSettings = {
				ASSETCATALOG_COMPILER_APPICON_NAME = AppIcon;
				CODE_SIGN_STYLE = Automatic;
				INFOPLIST_FILE = AppStoreDuplicate/Info.plist;
				LD_RUNPATH_SEARCH_PATHS = "$(inherited) @executable_path/Frameworks";
				PRODUCT_BUNDLE_IDENTIFIER = com.jayantagogoi.AppStoreDuplicate;
				PRODUCT_NAME = "$(TARGET_NAME)";
				SWIFT_VERSION = 4.0;
				TARGETED_DEVICE_FAMILY = "1,2";
			};
			name = Release;
		};
		B807B56E2019C44F009F89F4 /* Debug */ = {
			isa = XCBuildConfiguration;
			buildSettings = {
				ALWAYS_EMBED_SWIFT_STANDARD_LIBRARIES = YES;
				BUNDLE_LOADER = "$(TEST_HOST)";
				CODE_SIGN_STYLE = Automatic;
				INFOPLIST_FILE = AppStoreDuplicateTests/Info.plist;
				LD_RUNPATH_SEARCH_PATHS = "$(inherited) @executable_path/Frameworks @loader_path/Frameworks";
				PRODUCT_BUNDLE_IDENTIFIER = com.jayantagogoi.AppStoreDuplicateTests;
				PRODUCT_NAME = "$(TARGET_NAME)";
				SWIFT_VERSION = 4.0;
				TARGETED_DEVICE_FAMILY = "1,2";
				TEST_HOST = "$(BUILT_PRODUCTS_DIR)/AppStoreDuplicate.app/AppStoreDuplicate";
			};
			name = Debug;
		};
		B807B56F2019C44F009F89F4 /* Release */ = {
			isa = XCBuildConfiguration;
			buildSettings = {
				ALWAYS_EMBED_SWIFT_STANDARD_LIBRARIES = YES;
				BUNDLE_LOADER = "$(TEST_HOST)";
				CODE_SIGN_STYLE = Automatic;
				INFOPLIST_FILE = AppStoreDuplicateTests/Info.plist;
				LD_RUNPATH_SEARCH_PATHS = "$(inherited) @executable_path/Frameworks @loader_path/Frameworks";
				PRODUCT_BUNDLE_IDENTIFIER = com.jayantagogoi.AppStoreDuplicateTests;
				PRODUCT_NAME = "$(TARGET_NAME)";
				SWIFT_VERSION = 4.0;
				TARGETED_DEVICE_FAMILY = "1,2";
				TEST_HOST = "$(BUILT_PRODUCTS_DIR)/AppStoreDuplicate.app/AppStoreDuplicate";
			};
			name = Release;
		};
		B807B5712019C44F009F89F4 /* Debug */ = {
			isa = XCBuildConfiguration;
			buildSettings = {
				ALWAYS_EMBED_SWIFT_STANDARD_LIBRARIES = YES;
				CODE_SIGN_STYLE = Automatic;
				INFOPLIST_FILE = AppStoreDuplicateUITests/Info.plist;
				LD_RUNPATH_SEARCH_PATHS = "$(inherited) @executable_path/Frameworks @loader_path/Frameworks";
				PRODUCT_BUNDLE_IDENTIFIER = com.jayantagogoi.AppStoreDuplicateUITests;
				PRODUCT_NAME = "$(TARGET_NAME)";
				SWIFT_VERSION = 4.0;
				TARGETED_DEVICE_FAMILY = "1,2";
				TEST_TARGET_NAME = AppStoreDuplicate;
			};
			name = Debug;
		};
		B807B5722019C44F009F89F4 /* Release */ = {
			isa = XCBuildConfiguration;
			buildSettings = {
				ALWAYS_EMBED_SWIFT_STANDARD_LIBRARIES = YES;
				CODE_SIGN_STYLE = Automatic;
				INFOPLIST_FILE = AppStoreDuplicateUITests/Info.plist;
				LD_RUNPATH_SEARCH_PATHS = "$(inherited) @executable_path/Frameworks @loader_path/Frameworks";
				PRODUCT_BUNDLE_IDENTIFIER = com.jayantagogoi.AppStoreDuplicateUITests;
				PRODUCT_NAME = "$(TARGET_NAME)";
				SWIFT_VERSION = 4.0;
				TARGETED_DEVICE_FAMILY = "1,2";
				TEST_TARGET_NAME = AppStoreDuplicate;
			};
			name = Release;
		};
/* End XCBuildConfiguration section */

/* Begin XCConfigurationList section */
		B807B53A2019C44F009F89F4 /* Build configuration list for PBXProject "AppStoreDuplicate" */ = {
			isa = XCConfigurationList;
			buildConfigurations = (
				B807B5682019C44F009F89F4 /* Debug */,
				B807B5692019C44F009F89F4 /* Release */,
			);
			defaultConfigurationIsVisible = 0;
			defaultConfigurationName = Release;
		};
		B807B56A2019C44F009F89F4 /* Build configuration list for PBXNativeTarget "AppStoreDuplicate" */ = {
			isa = XCConfigurationList;
			buildConfigurations = (
				B807B56B2019C44F009F89F4 /* Debug */,
				B807B56C2019C44F009F89F4 /* Release */,
			);
			defaultConfigurationIsVisible = 0;
			defaultConfigurationName = Release;
		};
		B807B56D2019C44F009F89F4 /* Build configuration list for PBXNativeTarget "AppStoreDuplicateTests" */ = {
			isa = XCConfigurationList;
			buildConfigurations = (
				B807B56E2019C44F009F89F4 /* Debug */,
				B807B56F2019C44F009F89F4 /* Release */,
			);
			defaultConfigurationIsVisible = 0;
			defaultConfigurationName = Release;
		};
		B807B5702019C44F009F89F4 /* Build configuration list for PBXNativeTarget "AppStoreDuplicateUITests" */ = {
			isa = XCConfigurationList;
			buildConfigurations = (
				B807B5712019C44F009F89F4 /* Debug */,
				B807B5722019C44F009F89F4 /* Release */,
			);
			defaultConfigurationIsVisible = 0;
			defaultConfigurationName = Release;
		};
/* End XCConfigurationList section */

/* Begin XCVersionGroup section */
		B807B5492019C44F009F89F4 /* AppStoreDuplicate.xcdatamodeld */ = {
			isa = XCVersionGroup;
			children = (
				B807B54A2019C44F009F89F4 /* AppStoreDuplicate.xcdatamodel */,
			);
			currentVersion = B807B54A2019C44F009F89F4 /* AppStoreDuplicate.xcdatamodel */;
			path = AppStoreDuplicate.xcdatamodeld;
			sourceTree = "<group>";
			versionGroupType = wrapper.xcdatamodel;
		};
/* End XCVersionGroup section */
	};
	rootObject = B807B5372019C44F009F89F4 /* Project object */;
}
